
Microsoft Visual Studio Solution File, Format Version 12.00
# Visual Studio Version 16
VisualStudioVersion = 16.0.29806.167
MinimumVisualStudioVersion = 10.0.40219.1
Project("{FAE04EC0-301F-11D3-BF4B-00C04F79EFBC}") = "IDE2YTYP", "IDE2YTYP\IDE2YTYP.csproj", "{7CA2B4B6-9B50-44F6-8CD5-02C5997E4AF7}"
EndProject
Global
	GlobalSection(SolutionConfigurationPlatforms) = preSolution
		Debug|Any CPU = Debug|Any CPU
		Release|Any CPU = Release|Any CPU
	EndGlobalSection
	GlobalSection(ProjectConfigurationPlatforms) = postSolution
		{7CA2B4B6-9B50-44F6-8CD5-02C5997E4AF7}.Debug|Any CPU.ActiveCfg = Debug|Any CPU
		{7CA2B4B6-9B50-44F6-8CD5-02C5997E4AF7}.Debug|Any CPU.Build.0 = Debug|Any CPU
		{7CA2B4B6-9B50-44F6-8CD5-02C5997E4AF7}.Release|Any CPU.ActiveCfg = Release|Any CPU
		{7CA2B4B6-9B50-44F6-8CD5-02C5997E4AF7}.Release|Any CPU.Build.0 = Release|Any CPU
	EndGlobalSection
	GlobalSection(SolutionProperties) = preSolution
		HideSolutionNode = FALSE
	EndGlobalSection
	GlobalSection(ExtensibilityGlobals) = postSolution
		SolutionGuid = {C4D822F9-DAE8-4A18-BDFE-7ECC6384F436}
	EndGlobalSection
EndGlobal
